
Microsoft Visual Studio Solution File, Format Version 12.00
# Visual Studio Version 16
VisualStudioVersion = 16.0.31624.102
MinimumVisualStudioVersion = 10.0.40219.1
Project("{FAE04EC0-301F-11D3-BF4B-00C04F79EFBC}") = "location", "location\location.csproj", "{3B02E048-C9FA-41AD-B00A-ED054B6D0E63}"
EndProject
Project("{FAE04EC0-301F-11D3-BF4B-00C04F79EFBC}") = "locationserver", "locationserver\locationserver.csproj", "{49438CBA-515D-4F9E-8D05-F9C16DC2C3F7}"
EndProject
Global
	GlobalSection(SolutionConfigurationPlatforms) = preSolution
		Debug|Any CPU = Debug|Any CPU
		Release|Any CPU = Release|Any CPU
	EndGlobalSection
	GlobalSection(ProjectConfigurationPlatforms) = postSolution
		{3B02E048-C9FA-41AD-B00A-ED054B6D0E63}.Debug|Any CPU.ActiveCfg = Debug|Any CPU
		{3B02E048-C9FA-41AD-B00A-ED054B6D0E63}.Debug|Any CPU.Build.0 = Debug|Any CPU
		{3B02E048-C9FA-41AD-B00A-ED054B6D0E63}.Release|Any CPU.ActiveCfg = Release|Any CPU
		{3B02E048-C9FA-41AD-B00A-ED054B6D0E63}.Release|Any CPU.Build.0 = Release|Any CPU
		{49438CBA-515D-4F9E-8D05-F9C16DC2C3F7}.Debug|Any CPU.ActiveCfg = Debug|Any CPU
		{49438CBA-515D-4F9E-8D05-F9C16DC2C3F7}.Debug|Any CPU.Build.0 = Debug|Any CPU
		{49438CBA-515D-4F9E-8D05-F9C16DC2C3F7}.Release|Any CPU.ActiveCfg = Release|Any CPU
		{49438CBA-515D-4F9E-8D05-F9C16DC2C3F7}.Release|Any CPU.Build.0 = Release|Any CPU
	EndGlobalSection
	GlobalSection(SolutionProperties) = preSolution
		HideSolutionNode = FALSE
	EndGlobalSection
	GlobalSection(ExtensibilityGlobals) = postSolution
		SolutionGuid = {DFE5D441-8A00-4D29-9073-EFBC9CEE2256}
	EndGlobalSection
EndGlobal
